
Microsoft Visual Studio Solution File, Format Version 12.00
Project("{FAE04EC0-301F-11D3-BF4B-00C04F79EFBC}") = "DexCexMevBot", "DexCexMevBot\DexCexMevBot.csproj", "{61A74BFA-CFA2-4595-A856-2C3E492A5D79}"
EndProject
Global
	GlobalSection(SolutionConfigurationPlatforms) = preSolution
		Debug|Any CPU = Debug|Any CPU
		Release|Any CPU = Release|Any CPU
	EndGlobalSection
	GlobalSection(ProjectConfigurationPlatforms) = postSolution
		{61A74BFA-CFA2-4595-A856-2C3E492A5D79}.Debug|Any CPU.ActiveCfg = Debug|Any CPU
		{61A74BFA-CFA2-4595-A856-2C3E492A5D79}.Debug|Any CPU.Build.0 = Debug|Any CPU
		{61A74BFA-CFA2-4595-A856-2C3E492A5D79}.Release|Any CPU.ActiveCfg = Release|Any CPU
		{61A74BFA-CFA2-4595-A856-2C3E492A5D79}.Release|Any CPU.Build.0 = Release|Any CPU
	EndGlobalSection
EndGlobal
